# This file is automatically @generated by Cargo.
# It is not intended for manual editing.
version = 4

[[package]]
name = "calc_lang"
version = "0.1.0"
dependencies = [
 "gxhash",
 "parsr",
]

[[package]]
name = "gxhash"
version = "3.5.0"
source = "registry+https://github.com/rust-lang/crates.io-index"
checksum = "f3ce1bab7aa741d4e7042b2aae415b78741f267a98a7271ea226cd5ba6c43d7d"
dependencies = [
 "rustversion",
]

[[package]]
name = "parsr"
version = "1.0.4"
source = "registry+https://github.com/rust-lang/crates.io-index"
checksum = "739235b7ad4f1863a4fd0593477e353bf9ceb3ef740f07c9cab24f6f769b6ed7"
dependencies = [
 "gxhash",
 "token-precedence",
]

[[package]]
name = "rustversion"
version = "1.0.21"
source = "registry+https://github.com/rust-lang/crates.io-index"
checksum = "8a0d197bd2c9dc6e53b84da9556a69ba4cdfab8619eb41a8bd1cc2027a0f6b1d"

[[package]]
name = "token-precedence"
version = "1.0.1"
source = "registry+https://github.com/rust-lang/crates.io-index"
checksum = "17f9e054241b2202c5b0afe074fd6af2a0a45eb327a7936e41bebe5d5b1a4d36"
